
Microsoft Visual Studio Solution File, Format Version 12.00
# Visual Studio 15
Project("{FAE04EC0-301F-11D3-BF4B-00C04F79EFBC}") = "ResolutionTracker", "ResolutionTracker\ResolutionTracker.csproj", "{2417A278-FE1E-496A-99F4-DB7EF17D74D6}"
EndProject
Project("{FAE04EC0-301F-11D3-BF4B-00C04F79EFBC}") = "ResolutionTracker.Tests", "ResolutionTracker.Tests\ResolutionTracker.Tests.csproj", "{7608B06C-8023-4B4C-87AD-FD9B15FA7816}"
EndProject
Global
	GlobalSection(SolutionConfigurationPlatforms) = preSolution
		Debug|Any CPU = Debug|Any CPU
		Release|Any CPU = Release|Any CPU
	EndGlobalSection
	GlobalSection(ProjectConfigurationPlatforms) = postSolution
		{2417A278-FE1E-496A-99F4-DB7EF17D74D6}.Debug|Any CPU.ActiveCfg = Debug|Any CPU
		{2417A278-FE1E-496A-99F4-DB7EF17D74D6}.Debug|Any CPU.Build.0 = Debug|Any CPU
		{2417A278-FE1E-496A-99F4-DB7EF17D74D6}.Release|Any CPU.ActiveCfg = Release|Any CPU
		{2417A278-FE1E-496A-99F4-DB7EF17D74D6}.Release|Any CPU.Build.0 = Release|Any CPU
		{7608B06C-8023-4B4C-87AD-FD9B15FA7816}.Debug|Any CPU.ActiveCfg = Debug|Any CPU
		{7608B06C-8023-4B4C-87AD-FD9B15FA7816}.Debug|Any CPU.Build.0 = Debug|Any CPU
		{7608B06C-8023-4B4C-87AD-FD9B15FA7816}.Release|Any CPU.ActiveCfg = Release|Any CPU
		{7608B06C-8023-4B4C-87AD-FD9B15FA7816}.Release|Any CPU.Build.0 = Release|Any CPU
	EndGlobalSection
EndGlobal
